
Microsoft Visual Studio Solution File, Format Version 12.00
# Visual Studio Version 17
VisualStudioVersion = 17.3.32901.215
MinimumVisualStudioVersion = 10.0.40219.1
Project("{FAE04EC0-301F-11D3-BF4B-00C04F79EFBC}") = "Skills International", "Skills International\Skills International.csproj", "{1ABA736A-7A4A-4F99-AE8A-224AEEDD8800}"
EndProject
Global
	GlobalSection(SolutionConfigurationPlatforms) = preSolution
		Debug|Any CPU = Debug|Any CPU
		Release|Any CPU = Release|Any CPU
	EndGlobalSection
	GlobalSection(ProjectConfigurationPlatforms) = postSolution
		{1ABA736A-7A4A-4F99-AE8A-224AEEDD8800}.Debug|Any CPU.ActiveCfg = Debug|Any CPU
		{1ABA736A-7A4A-4F99-AE8A-224AEEDD8800}.Debug|Any CPU.Build.0 = Debug|Any CPU
		{1ABA736A-7A4A-4F99-AE8A-224AEEDD8800}.Release|Any CPU.ActiveCfg = Release|Any CPU
		{1ABA736A-7A4A-4F99-AE8A-224AEEDD8800}.Release|Any CPU.Build.0 = Release|Any CPU
	EndGlobalSection
	GlobalSection(SolutionProperties) = preSolution
		HideSolutionNode = FALSE
	EndGlobalSection
	GlobalSection(ExtensibilityGlobals) = postSolution
		SolutionGuid = {9CBF5C69-D106-43FB-8A19-3C58F0838673}
	EndGlobalSection
EndGlobal
